
Microsoft Visual Studio Solution File, Format Version 12.00
# Visual Studio 2012
Project("{FAE04EC0-301F-11D3-BF4B-00C04F79EFBC}") = "OverviewMargin2012", "OverviewMargin2012\OverviewMargin2012.csproj", "{FA09AE17-18DE-4028-B3BF-7EB35B79DA22}"
EndProject
Global
	GlobalSection(SolutionConfigurationPlatforms) = preSolution
		Debug|Any CPU = Debug|Any CPU
		Release|Any CPU = Release|Any CPU
	EndGlobalSection
	GlobalSection(ProjectConfigurationPlatforms) = postSolution
		{FA09AE17-18DE-4028-B3BF-7EB35B79DA22}.Debug|Any CPU.ActiveCfg = Debug|Any CPU
		{FA09AE17-18DE-4028-B3BF-7EB35B79DA22}.Debug|Any CPU.Build.0 = Debug|Any CPU
		{FA09AE17-18DE-4028-B3BF-7EB35B79DA22}.Release|Any CPU.ActiveCfg = Release|Any CPU
		{FA09AE17-18DE-4028-B3BF-7EB35B79DA22}.Release|Any CPU.Build.0 = Release|Any CPU
	EndGlobalSection
	GlobalSection(SolutionProperties) = preSolution
		HideSolutionNode = FALSE
	EndGlobalSection
EndGlobal
